# THIS IS AN AUTOGENERATED FILE. DO NOT EDIT THIS FILE DIRECTLY.
# yarn lockfile v1


"@bower_components/bootstrap-side-navbar@samrayner/bootstrap-side-navbar#^1.0.1":
  version "0.0.0"
  resolved "https://codeload.github.com/samrayner/bootstrap-side-navbar/tar.gz/bda4883fd2b278df3a48db4add7dc4d994477734"

"@bower_components/bootstrap-social@lipis/bootstrap-social#~5.1.1":
  version "5.1.1"
  resolved "https://codeload.github.com/lipis/bootstrap-social/tar.gz/8b7618556d386d3fecf4b37783e20f2090cb4fd0"
  dependencies:
    bootstrap "~3"
    font-awesome "~4.7"

"@bower_components/bootstrap@twbs/bootstrap#~3.3.7":
  version "3.3.7"
  resolved "https://codeload.github.com/twbs/bootstrap/tar.gz/0b9c4a4007c44201dce9a6cc1a38407005c26c86"

"@bower_components/datatables.net-bs@DataTables/Dist-DataTables-Bootstrap#^2.1.1":
  version "2.1.1"
  resolved "https://codeload.github.com/DataTables/Dist-DataTables-Bootstrap/tar.gz/d946808c4e2bcb5cf82f606f750a53992f234b18"
  dependencies:
    datatables.net ">=1.10.9"
    jquery ">=1.7"

"@bower_components/datatables.net-rowreorder-bs@DataTables/Dist-DataTables-RowReorder-Bootstrap#^1.2.0":
  version "1.2.6"
  resolved "https://codeload.github.com/DataTables/Dist-DataTables-RowReorder-Bootstrap/tar.gz/30a171469f443b5d5d7be74b160e9bbf34cecd7d"
  dependencies:
    datatables.net-bs "^1.10.15"
    datatables.net-rowreorder "1.2.6"
    jquery ">=1.7"

"@bower_components/datatables.net-rowreorder@DataTables/Dist-DataTables-RowReorder#>=1.0.0":
  version "1.2.6"
  resolved "https://codeload.github.com/DataTables/Dist-DataTables-RowReorder/tar.gz/160f8c015c13046c144dd154104a2d78c60158d5"
  dependencies:
    datatables.net "^1.10.15"
    jquery ">=1.7"

"@bower_components/datatables.net@DataTables/Dist-DataTables#^1.10.15":
  version "1.10.20"
  resolved "https://codeload.github.com/DataTables/Dist-DataTables/tar.gz/6a19cfa848276d6d8e943fa80b35585e8bf367d2"
  dependencies:
    jquery ">=1.7"

"@bower_components/datetimepicker@xdan/datetimepicker#~2.2.4":
  version "0.0.0"
  resolved "https://codeload.github.com/xdan/datetimepicker/tar.gz/7d0552ea442ae2878776ea84a9eb5e5425b75d4a"

"@bower_components/font-awesome@FortAwesome/Font-Awesome#~4.7.0":
  version "4.7.0"
  resolved "https://codeload.github.com/FortAwesome/Font-Awesome/tar.gz/a8386aae19e200ddb0f6845b5feeee5eb7013687"

"@bower_components/handlebars@components/handlebars.js#^4.0.10":
  version "4.7.3"
  resolved "https://codeload.github.com/components/handlebars.js/tar.gz/7c947ff5c10aa0d40dfacfb6456cee916837ad3c"

"@bower_components/html5shiv@aFarkas/html5shiv#~3.7.2":
  version "3.7.3"
  resolved "https://codeload.github.com/aFarkas/html5shiv/tar.gz/ed28c56c071bddfe7d635ad88995674957a016be"

"@bower_components/jquery-ui@components/jqueryui#~1.12.1":
  version "1.12.1"
  resolved "https://codeload.github.com/components/jqueryui/tar.gz/44ecf3794cc56b65954cc19737234a3119d036cc"

"@bower_components/jquery@jquery/jquery-dist#~3.2.1":
  version "3.2.1"
  resolved "https://codeload.github.com/jquery/jquery-dist/tar.gz/77d2a51d0520d2ee44173afdf4e40a9201f5964e"

"@bower_components/js-cookie@js-cookie/js-cookie#^2.1.4":
  version "2.2.1"
  resolved "https://codeload.github.com/js-cookie/js-cookie/tar.gz/54962f884e9ae33f93e13ac903ffaf1d5a523598"

"@bower_components/montserrat-webfont@skounis/montserrat-webfont#^1.0.3":
  version "0.0.0"
  resolved "https://codeload.github.com/skounis/montserrat-webfont/tar.gz/6606fe071e0430df1a21ca6bb8006ede8e0da722"

"@bower_components/respond@scottjehl/Respond#~1.4.2":
  version "1.4.2"
  resolved "https://codeload.github.com/scottjehl/Respond/tar.gz/20b7f4a192bb910c8c7e067b961de38519d334e4"

"@bower_components/select2-bootstrap-css@t0m/select2-bootstrap-css#~1.4.6":
  version "1.4.6"
  resolved "https://codeload.github.com/t0m/select2-bootstrap-css/tar.gz/dffa8740723d12cf5b9a56a28cc3dcd5e08ac3e2"

"@bower_components/select2@ivaynberg/select2#~3.5.4":
  version "3.5.4"
  resolved "https://codeload.github.com/ivaynberg/select2/tar.gz/95a977f674b6938af55ec5f28b7772df93786c5c"

"@bower_components/slick-carousel@kenwheeler/slick#^1.8.1":
  version "1.8.1"
  resolved "https://codeload.github.com/kenwheeler/slick/tar.gz/0f40c9d6a02a5c08b5f4dd80fdada3a854a59bee"

"@bower_components/typed.js@mattboldt/typed.js#~1.1.1":
  version "1.1.6"
  resolved "https://codeload.github.com/mattboldt/typed.js/tar.gz/fca9e17a66233d087dbc2a6230808b927604e05f"

bootstrap@~3:
  version "3.4.1"
  resolved "https://registry.yarnpkg.com/bootstrap/-/bootstrap-3.4.1.tgz#c3a347d419e289ad11f4033e3c4132b87c081d72"

datatables.net-bs@^1.10.15:
  version "1.10.20"
  resolved "https://registry.yarnpkg.com/datatables.net-bs/-/datatables.net-bs-1.10.20.tgz#4a54a65527013aa8bb98eb7fa27d6231f7dc1bee"
  dependencies:
    datatables.net "1.10.20"
    jquery ">=1.7"

datatables.net-rowreorder@1.2.6:
  version "1.2.6"
  resolved "https://registry.yarnpkg.com/datatables.net-rowreorder/-/datatables.net-rowreorder-1.2.6.tgz#e1788c4dea84b12223bc5dde3e4a70c316a12ae6"
  dependencies:
    datatables.net "^1.10.15"
    jquery ">=1.7"

datatables.net@1.10.20, datatables.net@>=1.10.9, datatables.net@^1.10.15:
  version "1.10.20"
  resolved "https://registry.yarnpkg.com/datatables.net/-/datatables.net-1.10.20.tgz#9d65ecc3c83cbe7baa4fa5a053405c8fe42c1350"
  dependencies:
    jquery ">=1.7"

font-awesome@~4.7:
  version "4.7.0"
  resolved "https://registry.yarnpkg.com/font-awesome/-/font-awesome-4.7.0.tgz#8fa8cf0411a1a31afd07b06d2902bb9fc815a133"

jquery@>=1.7:
  version "3.4.1"
  resolved "https://registry.yarnpkg.com/jquery/-/jquery-3.4.1.tgz#714f1f8d9dde4bdfa55764ba37ef214630d80ef2"

"summernote-emoji@https://github.com/trinhtam/summernote-emoji.git":
  version "0.0.0"
  resolved "https://github.com/trinhtam/summernote-emoji.git#5b83b802920ab8c2aefa498d189b3d9fe300e8ae"
